
Microsoft Visual Studio Solution File, Format Version 12.00
# Visual Studio Version 17
VisualStudioVersion = 17.0.31903.59
MinimumVisualStudioVersion = 10.0.40219.1
Project("{9A19103F-16F7-4668-BE54-9A1E7A4F7556}") = "dir2", "dir2\dir2.csproj", "{C66865A4-B225-436A-8DC3-4F3F7F4AB84F}"
EndProject
Project("{2150E333-8FDC-42A3-9474-1A3956D46DE8}") = "docs", "docs", "{A9B2CD0D-DD34-4EFD-8332-E7E3FDC22A13}"
	ProjectSection(SolutionItems) = preProject
		docs\date-lang-code.md = docs\date-lang-code.md
		docs\date-short-cfg.md = docs\date-short-cfg.md
		docs\FAQ.md = docs\FAQ.md
		docs\HELP.md = docs\HELP.md
		docs\info-color.md = docs\info-color.md
		docs\info-config-file.md = docs\info-config-file.md
		docs\info-date-format.md = docs\info-date-format.md
		docs\info-encode-char.md = docs\info-encode-char.md
		docs\info-envir.md = docs\info-envir.md
		docs\info-link-dir.md = docs\info-link-dir.md
		docs\info-link-file.md = docs\info-link-file.md
		docs\info-options.md = docs\info-options.md
		docs\info-short-help.md = docs\info-short-help.md
		docs\info-size-format.md = docs\info-size-format.md
		docs\info-sum.md = docs\info-sum.md
		docs\info-unix-ls.md = docs\info-unix-ls.md
		docs\info-within.md = docs\info-within.md
	EndProjectSection
EndProject
Project("{2150E333-8FDC-42A3-9474-1A3956D46DE8}") = "gifs", "gifs", "{05B04F7C-0E41-44FA-9B0A-73B5790BFE29}"
EndProject
Global
	GlobalSection(SolutionConfigurationPlatforms) = preSolution
		Debug|Any CPU = Debug|Any CPU
		Release|Any CPU = Release|Any CPU
	EndGlobalSection
	GlobalSection(ProjectConfigurationPlatforms) = postSolution
		{C66865A4-B225-436A-8DC3-4F3F7F4AB84F}.Debug|Any CPU.ActiveCfg = Debug|Any CPU
		{C66865A4-B225-436A-8DC3-4F3F7F4AB84F}.Debug|Any CPU.Build.0 = Debug|Any CPU
		{C66865A4-B225-436A-8DC3-4F3F7F4AB84F}.Release|Any CPU.ActiveCfg = Release|Any CPU
		{C66865A4-B225-436A-8DC3-4F3F7F4AB84F}.Release|Any CPU.Build.0 = Release|Any CPU
	EndGlobalSection
	GlobalSection(SolutionProperties) = preSolution
		HideSolutionNode = FALSE
	EndGlobalSection
	GlobalSection(ExtensibilityGlobals) = postSolution
		SolutionGuid = {2DE3E080-000D-4ADC-B5C9-B6302B5C733B}
	EndGlobalSection
EndGlobal
