
Microsoft Visual Studio Solution File, Format Version 12.00
# Visual Studio Version 17
VisualStudioVersion = 17.0.31903.59
MinimumVisualStudioVersion = 10.0.40219.1
Project("{FAE04EC0-301F-11D3-BF4B-00C04F79EFBC}") = "dir2", "dir2\dir2.csproj", "{C66865A4-B225-436A-8DC3-4F3F7F4AB84F}"
EndProject
Project("{FAE04EC0-301F-11D3-BF4B-00C04F79EFBC}") = "test", "test\test.csproj", "{9216EE4E-257B-43BC-87E2-E62AC2A678D6}"
EndProject
Global
	GlobalSection(SolutionConfigurationPlatforms) = preSolution
		Debug|Any CPU = Debug|Any CPU
		Release|Any CPU = Release|Any CPU
	EndGlobalSection
	GlobalSection(SolutionProperties) = preSolution
		HideSolutionNode = FALSE
	EndGlobalSection
	GlobalSection(ProjectConfigurationPlatforms) = postSolution
		{C66865A4-B225-436A-8DC3-4F3F7F4AB84F}.Debug|Any CPU.ActiveCfg = Debug|Any CPU
		{C66865A4-B225-436A-8DC3-4F3F7F4AB84F}.Debug|Any CPU.Build.0 = Debug|Any CPU
		{C66865A4-B225-436A-8DC3-4F3F7F4AB84F}.Release|Any CPU.ActiveCfg = Release|Any CPU
		{C66865A4-B225-436A-8DC3-4F3F7F4AB84F}.Release|Any CPU.Build.0 = Release|Any CPU
		{9216EE4E-257B-43BC-87E2-E62AC2A678D6}.Debug|Any CPU.ActiveCfg = Debug|Any CPU
		{9216EE4E-257B-43BC-87E2-E62AC2A678D6}.Debug|Any CPU.Build.0 = Debug|Any CPU
		{9216EE4E-257B-43BC-87E2-E62AC2A678D6}.Release|Any CPU.ActiveCfg = Release|Any CPU
		{9216EE4E-257B-43BC-87E2-E62AC2A678D6}.Release|Any CPU.Build.0 = Release|Any CPU
	EndGlobalSection
EndGlobal
